// !$*UTF8*$!
{
	archiveVersion = 1;
	classes = {
	};
	objectVersion = 56;
	objects = {

/* Begin PBXBuildFile section */
		C08DD4FA29B16CD400D1935F /* Major_2023App.swift in Sources */ = {isa = PBXBuildFile; fileRef = C08DD4F929B16CD400D1935F /* Major_2023App.swift */; };
		C08DD4FC29B16CD400D1935F /* ContentView.swift in Sources */ = {isa = PBXBuildFile; fileRef = C08DD4FB29B16CD400D1935F /* ContentView.swift */; };
		C08DD4FE29B16CD400D1935F /* Assets.xcassets in Resources */ = {isa = PBXBuildFile; fileRef = C08DD4FD29B16CD400D1935F /* Assets.xcassets */; };
		C08DD50229B16CD400D1935F /* Preview Assets.xcassets in Resources */ = {isa = PBXBuildFile; fileRef = C08DD50129B16CD400D1935F /* Preview Assets.xcassets */; };
		C08DD50C29B16CD500D1935F /* Major_2023Tests.swift in Sources */ = {isa = PBXBuildFile; fileRef = C08DD50B29B16CD500D1935F /* Major_2023Tests.swift */; };
		C08DD51629B16CD500D1935F /* Major_2023UITests.swift in Sources */ = {isa = PBXBuildFile; fileRef = C08DD51529B16CD500D1935F /* Major_2023UITests.swift */; };
		C08DD51829B16CD500D1935F /* Major_2023UITestsLaunchTests.swift in Sources */ = {isa = PBXBuildFile; fileRef = C08DD51729B16CD500D1935F /* Major_2023UITestsLaunchTests.swift */; };
/* End PBXBuildFile section */

/* Begin PBXContainerItemProxy section */
		C08DD50829B16CD500D1935F /* PBXContainerItemProxy */ = {
			isa = PBXContainerItemProxy;
			containerPortal = C08DD4EE29B16CD300D1935F /* Project object */;
			proxyType = 1;
			remoteGlobalIDString = C08DD4F529B16CD400D1935F;
			remoteInfo = "Major 2023";
		};
		C08DD51229B16CD500D1935F /* PBXContainerItemProxy */ = {
			isa = PBXContainerItemProxy;
			containerPortal = C08DD4EE29B16CD300D1935F /* Project object */;
			proxyType = 1;
			remoteGlobalIDString = C08DD4F529B16CD400D1935F;
			remoteInfo = "Major 2023";
		};
/* End PBXContainerItemProxy section */

/* Begin PBXFileReference section */
		C08DD4F629B16CD400D1935F /* Major 2023.app */ = {isa = PBXFileReference; explicitFileType = wrapper.application; includeInIndex = 0; path = "Major 2023.app"; sourceTree = BUILT_PRODUCTS_DIR; };
		C08DD4F929B16CD400D1935F /* Major_2023App.swift */ = {isa = PBXFileReference; lastKnownFileType = sourcecode.swift; path = Major_2023App.swift; sourceTree = "<group>"; };
		C08DD4FB29B16CD400D1935F /* ContentView.swift */ = {isa = PBXFileReference; lastKnownFileType = sourcecode.swift; path = ContentView.swift; sourceTree = "<group>"; };
		C08DD4FD29B16CD400D1935F /* Assets.xcassets */ = {isa = PBXFileReference; lastKnownFileType = folder.assetcatalog; path = Assets.xcassets; sourceTree = "<group>"; };
		C08DD4FF29B16CD400D1935F /* Major_2023.entitlements */ = {isa = PBXFileReference; lastKnownFileType = text.plist.entitlements; path = Major_2023.entitlements; sourceTree = "<group>"; };
		C08DD50129B16CD400D1935F /* Preview Assets.xcassets */ = {isa = PBXFileReference; lastKnownFileType = folder.assetcatalog; path = "Preview Assets.xcassets"; sourceTree = "<group>"; };
		C08DD50729B16CD500D1935F /* Major 2023Tests.xctest */ = {isa = PBXFileReference; explicitFileType = wrapper.cfbundle; includeInIndex = 0; path = "Major 2023Tests.xctest"; sourceTree = BUILT_PRODUCTS_DIR; };
		C08DD50B29B16CD500D1935F /* Major_2023Tests.swift */ = {isa = PBXFileReference; lastKnownFileType = sourcecode.swift; path = Major_2023Tests.swift; sourceTree = "<group>"; };
		C08DD51129B16CD500D1935F /* Major 2023UITests.xctest */ = {isa = PBXFileReference; explicitFileType = wrapper.cfbundle; includeInIndex = 0; path = "Major 2023UITests.xctest"; sourceTree = BUILT_PRODUCTS_DIR; };
		C08DD51529B16CD500D1935F /* Major_2023UITests.swift */ = {isa = PBXFileReference; lastKnownFileType = sourcecode.swift; path = Major_2023UITests.swift; sourceTree = "<group>"; };
		C08DD51729B16CD500D1935F /* Major_2023UITestsLaunchTests.swift */ = {isa = PBXFileReference; lastKnownFileType = sourcecode.swift; path = Major_2023UITestsLaunchTests.swift; sourceTree = "<group>"; };
/* End PBXFileReference section */

/* Begin PBXFrameworksBuildPhase section */
		C08DD4F329B16CD400D1935F /* Frameworks */ = {
			isa = PBXFrameworksBuildPhase;
			buildActionMask = 2147483647;
			files = (
			);
			runOnlyForDeploymentPostprocessing = 0;
		};
		C08DD50429B16CD500D1935F /* Frameworks */ = {
			isa = PBXFrameworksBuildPhase;
			buildActionMask = 2147483647;
			files = (
			);
			runOnlyForDeploymentPostprocessing = 0;
		};
		C08DD50E29B16CD500D1935F /* Frameworks */ = {
			isa = PBXFrameworksBuildPhase;
			buildActionMask = 2147483647;
			files = (
			);
			runOnlyForDeploymentPostprocessing = 0;
		};
/* End PBXFrameworksBuildPhase section */

/* Begin PBXGroup section */
		C08DD4ED29B16CD300D1935F = {
			isa = PBXGroup;
			children = (
				C08DD4F829B16CD400D1935F /* Major 2023 */,
				C08DD50A29B16CD500D1935F /* Major 2023Tests */,
				C08DD51429B16CD500D1935F /* Major 2023UITests */,
				C08DD4F729B16CD400D1935F /* Products */,
			);
			sourceTree = "<group>";
		};
		C08DD4F729B16CD400D1935F /* Products */ = {
			isa = PBXGroup;
			children = (
				C08DD4F629B16CD400D1935F /* Major 2023.app */,
				C08DD50729B16CD500D1935F /* Major 2023Tests.xctest */,
				C08DD51129B16CD500D1935F /* Major 2023UITests.xctest */,
			);
			name = Products;
			sourceTree = "<group>";
		};
		C08DD4F829B16CD400D1935F /* Major 2023 */ = {
			isa = PBXGroup;
			children = (
				C08DD4F929B16CD400D1935F /* Major_2023App.swift */,
				C08DD4FB29B16CD400D1935F /* ContentView.swift */,
				C08DD4FD29B16CD400D1935F /* Assets.xcassets */,
				C08DD4FF29B16CD400D1935F /* Major_2023.entitlements */,
				C08DD50029B16CD400D1935F /* Preview Content */,
			);
			path = "Major 2023";
			sourceTree = "<group>";
		};
		C08DD50029B16CD400D1935F /* Preview Content */ = {
			isa = PBXGroup;
			children = (
				C08DD50129B16CD400D1935F /* Preview Assets.xcassets */,
			);
			path = "Preview Content";
			sourceTree = "<group>";
		};
		C08DD50A29B16CD500D1935F /* Major 2023Tests */ = {
			isa = PBXGroup;
			children = (
				C08DD50B29B16CD500D1935F /* Major_2023Tests.swift */,
			);
			path = "Major 2023Tests";
			sourceTree = "<group>";
		};
		C08DD51429B16CD500D1935F /* Major 2023UITests */ = {
			isa = PBXGroup;
			children = (
				C08DD51529B16CD500D1935F /* Major_2023UITests.swift */,
				C08DD51729B16CD500D1935F /* Major_2023UITestsLaunchTests.swift */,
			);
			path = "Major 2023UITests";
			sourceTree = "<group>";
		};
/* End PBXGroup section */

/* Begin PBXNativeTarget section */
		C08DD4F529B16CD400D1935F /* Major 2023 */ = {
			isa = PBXNativeTarget;
			buildConfigurationList = C08DD51B29B16CD500D1935F /* Build configuration list for PBXNativeTarget "Major 2023" */;
			buildPhases = (
				C08DD4F229B16CD400D1935F /* Sources */,
				C08DD4F329B16CD400D1935F /* Frameworks */,
				C08DD4F429B16CD400D1935F /* Resources */,
			);
			buildRules = (
			);
			dependencies = (
			);
			name = "Major 2023";
			productName = "Major 2023";
			productReference = C08DD4F629B16CD400D1935F /* Major 2023.app */;
			productType = "com.apple.product-type.application";
		};
		C08DD50629B16CD500D1935F /* Major 2023Tests */ = {
			isa = PBXNativeTarget;
			buildConfigurationList = C08DD51E29B16CD500D1935F /* Build configuration list for PBXNativeTarget "Major 2023Tests" */;
			buildPhases = (
				C08DD50329B16CD500D1935F /* Sources */,
				C08DD50429B16CD500D1935F /* Frameworks */,
				C08DD50529B16CD500D1935F /* Resources */,
			);
			buildRules = (
			);
			dependencies = (
				C08DD50929B16CD500D1935F /* PBXTargetDependency */,
			);
			name = "Major 2023Tests";
			productName = "Major 2023Tests";
			productReference = C08DD50729B16CD500D1935F /* Major 2023Tests.xctest */;
			productType = "com.apple.product-type.bundle.unit-test";
		};
		C08DD51029B16CD500D1935F /* Major 2023UITests */ = {
			isa = PBXNativeTarget;
			buildConfigurationList = C08DD52129B16CD500D1935F /* Build configuration list for PBXNativeTarget "Major 2023UITests" */;
			buildPhases = (
				C08DD50D29B16CD500D1935F /* Sources */,
				C08DD50E29B16CD500D1935F /* Frameworks */,
				C08DD50F29B16CD500D1935F /* Resources */,
			);
			buildRules = (
			);
			dependencies = (
				C08DD51329B16CD500D1935F /* PBXTargetDependency */,
			);
			name = "Major 2023UITests";
			productName = "Major 2023UITests";
			productReference = C08DD51129B16CD500D1935F /* Major 2023UITests.xctest */;
			productType = "com.apple.product-type.bundle.ui-testing";
		};
/* End PBXNativeTarget section */

/* Begin PBXProject section */
		C08DD4EE29B16CD300D1935F /* Project object */ = {
			isa = PBXProject;
			attributes = {
				BuildIndependentTargetsInParallel = 1;
				LastSwiftUpdateCheck = 1420;
				LastUpgradeCheck = 1420;
				TargetAttributes = {
					C08DD4F529B16CD400D1935F = {
						CreatedOnToolsVersion = 14.2;
					};
					C08DD50629B16CD500D1935F = {
						CreatedOnToolsVersion = 14.2;
						TestTargetID = C08DD4F529B16CD400D1935F;
					};
					C08DD51029B16CD500D1935F = {
						CreatedOnToolsVersion = 14.2;
						TestTargetID = C08DD4F529B16CD400D1935F;
					};
				};
			};
			buildConfigurationList = C08DD4F129B16CD300D1935F /* Build configuration list for PBXProject "Major 2023" */;
			compatibilityVersion = "Xcode 14.0";
			developmentRegion = en;
			hasScannedForEncodings = 0;
			knownRegions = (
				en,
				Base,
			);
			mainGroup = C08DD4ED29B16CD300D1935F;
			productRefGroup = C08DD4F729B16CD400D1935F /* Products */;
			projectDirPath = "";
			projectRoot = "";
			targets = (
				C08DD4F529B16CD400D1935F /* Major 2023 */,
				C08DD50629B16CD500D1935F /* Major 2023Tests */,
				C08DD51029B16CD500D1935F /* Major 2023UITests */,
			);
		};
/* End PBXProject section */

/* Begin PBXResourcesBuildPhase section */
		C08DD4F429B16CD400D1935F /* Resources */ = {
			isa = PBXResourcesBuildPhase;
			buildActionMask = 2147483647;
			files = (
				C08DD50229B16CD400D1935F /* Preview Assets.xcassets in Resources */,
				C08DD4FE29B16CD400D1935F /* Assets.xcassets in Resources */,
			);
			runOnlyForDeploymentPostprocessing = 0;
		};
		C08DD50529B16CD500D1935F /* Resources */ = {
			isa = PBXResourcesBuildPhase;
			buildActionMask = 2147483647;
			files = (
			);
			runOnlyForDeploymentPostprocessing = 0;
		};
		C08DD50F29B16CD500D1935F /* Resources */ = {
			isa = PBXResourcesBuildPhase;
			buildActionMask = 2147483647;
			files = (
			);
			runOnlyForDeploymentPostprocessing = 0;
		};
/* End PBXResourcesBuildPhase section */

/* Begin PBXSourcesBuildPhase section */
		C08DD4F229B16CD400D1935F /* Sources */ = {
			isa = PBXSourcesBuildPhase;
			buildActionMask = 2147483647;
			files = (
				C08DD4FC29B16CD400D1935F /* ContentView.swift in Sources */,
				C08DD4FA29B16CD400D1935F /* Major_2023App.swift in Sources */,
			);
			runOnlyForDeploymentPostprocessing = 0;
		};
		C08DD50329B16CD500D1935F /* Sources */ = {
			isa = PBXSourcesBuildPhase;
			buildActionMask = 2147483647;
			files = (
				C08DD50C29B16CD500D1935F /* Major_2023Tests.swift in Sources */,
			);
			runOnlyForDeploymentPostprocessing = 0;
		};
		C08DD50D29B16CD500D1935F /* Sources */ = {
			isa = PBXSourcesBuildPhase;
			buildActionMask = 2147483647;
			files = (
				C08DD51629B16CD500D1935F /* Major_2023UITests.swift in Sources */,
				C08DD51829B16CD500D1935F /* Major_2023UITestsLaunchTests.swift in Sources */,
			);
			runOnlyForDeploymentPostprocessing = 0;
		};
/* End PBXSourcesBuildPhase section */

/* Begin PBXTargetDependency section */
		C08DD50929B16CD500D1935F /* PBXTargetDependency */ = {
			isa = PBXTargetDependency;
			target = C08DD4F529B16CD400D1935F /* Major 2023 */;
			targetProxy = C08DD50829B16CD500D1935F /* PBXContainerItemProxy */;
		};
		C08DD51329B16CD500D1935F /* PBXTargetDependency */ = {
			isa = PBXTargetDependency;
			target = C08DD4F529B16CD400D1935F /* Major 2023 */;
			targetProxy = C08DD51229B16CD500D1935F /* PBXContainerItemProxy */;
		};
/* End PBXTargetDependency section */

/* Begin XCBuildConfiguration section */
		C08DD51929B16CD500D1935F /* Debug */ = {
			isa = XCBuildConfiguration;
			buildSettings = {
				ALWAYS_SEARCH_USER_PATHS = NO;
				CLANG_ANALYZER_NONNULL = YES;
				CLANG_ANALYZER_NUMBER_OBJECT_CONVERSION = YES_AGGRESSIVE;
				CLANG_CXX_LANGUAGE_STANDARD = "gnu++20";
				CLANG_ENABLE_MODULES = YES;
				CLANG_ENABLE_OBJC_ARC = YES;
				CLANG_ENABLE_OBJC_WEAK = YES;
				CLANG_WARN_BLOCK_CAPTURE_AUTORELEASING = YES;
				CLANG_WARN_BOOL_CONVERSION = YES;
				CLANG_WARN_COMMA = YES;
				CLANG_WARN_CONSTANT_CONVERSION = YES;
				CLANG_WARN_DEPRECATED_OBJC_IMPLEMENTATIONS = YES;
				CLANG_WARN_DIRECT_OBJC_ISA_USAGE = YES_ERROR;
				CLANG_WARN_DOCUMENTATION_COMMENTS = YES;
				CLANG_WARN_EMPTY_BODY = YES;
				CLANG_WARN_ENUM_CONVERSION = YES;
				CLANG_WARN_INFINITE_RECURSION = YES;
				CLANG_WARN_INT_CONVERSION = YES;
				CLANG_WARN_NON_LITERAL_NULL_CONVERSION = YES;
				CLANG_WARN_OBJC_IMPLICIT_RETAIN_SELF = YES;
				CLANG_WARN_OBJC_LITERAL_CONVERSION = YES;
				CLANG_WARN_OBJC_ROOT_CLASS = YES_ERROR;
				CLANG_WARN_QUOTED_INCLUDE_IN_FRAMEWORK_HEADER = YES;
				CLANG_WARN_RANGE_LOOP_ANALYSIS = YES;
				CLANG_WARN_STRICT_PROTOTYPES = YES;
				CLANG_WARN_SUSPICIOUS_MOVE = YES;
				CLANG_WARN_UNGUARDED_AVAILABILITY = YES_AGGRESSIVE;
				CLANG_WARN_UNREACHABLE_CODE = YES;
				CLANG_WARN__DUPLICATE_METHOD_MATCH = YES;
				COPY_PHASE_STRIP = NO;
				DEBUG_INFORMATION_FORMAT = dwarf;
				ENABLE_STRICT_OBJC_MSGSEND = YES;
				ENABLE_TESTABILITY = YES;
				GCC_C_LANGUAGE_STANDARD = gnu11;
				GCC_DYNAMIC_NO_PIC = NO;
				GCC_NO_COMMON_BLOCKS = YES;
				GCC_OPTIMIZATION_LEVEL = 0;
				GCC_PREPROCESSOR_DEFINITIONS = (
					"DEBUG=1",
					"$(inherited)",
				);
				GCC_WARN_64_TO_32_BIT_CONVERSION = YES;
				GCC_WARN_ABOUT_RETURN_TYPE = YES_ERROR;
				GCC_WARN_UNDECLARED_SELECTOR = YES;
				GCC_WARN_UNINITIALIZED_AUTOS = YES_AGGRESSIVE;
				GCC_WARN_UNUSED_FUNCTION = YES;
				GCC_WARN_UNUSED_VARIABLE = YES;
				MTL_ENABLE_DEBUG_INFO = INCLUDE_SOURCE;
				MTL_FAST_MATH = YES;
				ONLY_ACTIVE_ARCH = YES;
				SWIFT_ACTIVE_COMPILATION_CONDITIONS = DEBUG;
				SWIFT_OPTIMIZATION_LEVEL = "-Onone";
			};
			name = Debug;
		};
		C08DD51A29B16CD500D1935F /* Release */ = {
			isa = XCBuildConfiguration;
			buildSettings = {
				ALWAYS_SEARCH_USER_PATHS = NO;
				CLANG_ANALYZER_NONNULL = YES;
				CLANG_ANALYZER_NUMBER_OBJECT_CONVERSION = YES_AGGRESSIVE;
				CLANG_CXX_LANGUAGE_STANDARD = "gnu++20";
				CLANG_ENABLE_MODULES = YES;
				CLANG_ENABLE_OBJC_ARC = YES;
				CLANG_ENABLE_OBJC_WEAK = YES;
				CLANG_WARN_BLOCK_CAPTURE_AUTORELEASING = YES;
				CLANG_WARN_BOOL_CONVERSION = YES;
				CLANG_WARN_COMMA = YES;
				CLANG_WARN_CONSTANT_CONVERSION = YES;
				CLANG_WARN_DEPRECATED_OBJC_IMPLEMENTATIONS = YES;
				CLANG_WARN_DIRECT_OBJC_ISA_USAGE = YES_ERROR;
				CLANG_WARN_DOCUMENTATION_COMMENTS = YES;
				CLANG_WARN_EMPTY_BODY = YES;
				CLANG_WARN_ENUM_CONVERSION = YES;
				CLANG_WARN_INFINITE_RECURSION = YES;
				CLANG_WARN_INT_CONVERSION = YES;
				CLANG_WARN_NON_LITERAL_NULL_CONVERSION = YES;
				CLANG_WARN_OBJC_IMPLICIT_RETAIN_SELF = YES;
				CLANG_WARN_OBJC_LITERAL_CONVERSION = YES;
				CLANG_WARN_OBJC_ROOT_CLASS = YES_ERROR;
				CLANG_WARN_QUOTED_INCLUDE_IN_FRAMEWORK_HEADER = YES;
				CLANG_WARN_RANGE_LOOP_ANALYSIS = YES;
				CLANG_WARN_STRICT_PROTOTYPES = YES;
				CLANG_WARN_SUSPICIOUS_MOVE = YES;
				CLANG_WARN_UNGUARDED_AVAILABILITY = YES_AGGRESSIVE;
				CLANG_WARN_UNREACHABLE_CODE = YES;
				CLANG_WARN__DUPLICATE_METHOD_MATCH = YES;
				COPY_PHASE_STRIP = NO;
				DEBUG_INFORMATION_FORMAT = "dwarf-with-dsym";
				ENABLE_NS_ASSERTIONS = NO;
				ENABLE_STRICT_OBJC_MSGSEND = YES;
				GCC_C_LANGUAGE_STANDARD = gnu11;
				GCC_NO_COMMON_BLOCKS = YES;
				GCC_WARN_64_TO_32_BIT_CONVERSION = YES;
				GCC_WARN_ABOUT_RETURN_TYPE = YES_ERROR;
				GCC_WARN_UNDECLARED_SELECTOR = YES;
				GCC_WARN_UNINITIALIZED_AUTOS = YES_AGGRESSIVE;
				GCC_WARN_UNUSED_FUNCTION = YES;
				GCC_WARN_UNUSED_VARIABLE = YES;
				MTL_ENABLE_DEBUG_INFO = NO;
				MTL_FAST_MATH = YES;
				SWIFT_COMPILATION_MODE = wholemodule;
				SWIFT_OPTIMIZATION_LEVEL = "-O";
			};
			name = Release;
		};
		C08DD51C29B16CD500D1935F /* Debug */ = {
			isa = XCBuildConfiguration;
			buildSettings = {
				ASSETCATALOG_COMPILER_APPICON_NAME = AppIcon;
				ASSETCATALOG_COMPILER_GLOBAL_ACCENT_COLOR_NAME = AccentColor;
				CODE_SIGN_ENTITLEMENTS = "Major 2023/Major_2023.entitlements";
				CODE_SIGN_STYLE = Automatic;
				CURRENT_PROJECT_VERSION = 1;
				DEVELOPMENT_ASSET_PATHS = "\"Major 2023/Preview Content\"";
				ENABLE_PREVIEWS = YES;
				GENERATE_INFOPLIST_FILE = YES;
				"INFOPLIST_KEY_UIApplicationSceneManifest_Generation[sdk=iphoneos*]" = YES;
				"INFOPLIST_KEY_UIApplicationSceneManifest_Generation[sdk=iphonesimulator*]" = YES;
				"INFOPLIST_KEY_UIApplicationSupportsIndirectInputEvents[sdk=iphoneos*]" = YES;
				"INFOPLIST_KEY_UIApplicationSupportsIndirectInputEvents[sdk=iphonesimulator*]" = YES;
				"INFOPLIST_KEY_UILaunchScreen_Generation[sdk=iphoneos*]" = YES;
				"INFOPLIST_KEY_UILaunchScreen_Generation[sdk=iphonesimulator*]" = YES;
				"INFOPLIST_KEY_UIStatusBarStyle[sdk=iphoneos*]" = UIStatusBarStyleDefault;
				"INFOPLIST_KEY_UIStatusBarStyle[sdk=iphonesimulator*]" = UIStatusBarStyleDefault;
				INFOPLIST_KEY_UISupportedInterfaceOrientations_iPad = "UIInterfaceOrientationPortrait UIInterfaceOrientationPortraitUpsideDown UIInterfaceOrientationLandscapeLeft UIInterfaceOrientationLandscapeRight";
				INFOPLIST_KEY_UISupportedInterfaceOrientations_iPhone = "UIInterfaceOrientationPortrait UIInterfaceOrientationLandscapeLeft UIInterfaceOrientationLandscapeRight";
				IPHONEOS_DEPLOYMENT_TARGET = 16.2;
				LD_RUNPATH_SEARCH_PATHS = "@executable_path/Frameworks";
				"LD_RUNPATH_SEARCH_PATHS[sdk=macosx*]" = "@executable_path/../Frameworks";
				MACOSX_DEPLOYMENT_TARGET = 13.0;
				MARKETING_VERSION = 1.0;
				PRODUCT_BUNDLE_IDENTIFIER = "macarthur.nsw.edu.au.Major-2023";
				PRODUCT_NAME = "$(TARGET_NAME)";
				SDKROOT = auto;
				SUPPORTED_PLATFORMS = "iphoneos iphonesimulator macosx";
				SWIFT_EMIT_LOC_STRINGS = YES;
				SWIFT_VERSION = 5.0;
				TARGETED_DEVICE_FAMILY = "1,2";
			};
			name = Debug;
		};
		C08DD51D29B16CD500D1935F /* Release */ = {
			isa = XCBuildConfiguration;
			buildSettings = {
				ASSETCATALOG_COMPILER_APPICON_NAME = AppIcon;
				ASSETCATALOG_COMPILER_GLOBAL_ACCENT_COLOR_NAME = AccentColor;
				CODE_SIGN_ENTITLEMENTS = "Major 2023/Major_2023.entitlements";
				CODE_SIGN_STYLE = Automatic;
				CURRENT_PROJECT_VERSION = 1;
				DEVELOPMENT_ASSET_PATHS = "\"Major 2023/Preview Content\"";
				ENABLE_PREVIEWS = YES;
				GENERATE_INFOPLIST_FILE = YES;
				"INFOPLIST_KEY_UIApplicationSceneManifest_Generation[sdk=iphoneos*]" = YES;
				"INFOPLIST_KEY_UIApplicationSceneManifest_Generation[sdk=iphonesimulator*]" = YES;
				"INFOPLIST_KEY_UIApplicationSupportsIndirectInputEvents[sdk=iphoneos*]" = YES;
				"INFOPLIST_KEY_UIApplicationSupportsIndirectInputEvents[sdk=iphonesimulator*]" = YES;
				"INFOPLIST_KEY_UILaunchScreen_Generation[sdk=iphoneos*]" = YES;
				"INFOPLIST_KEY_UILaunchScreen_Generation[sdk=iphonesimulator*]" = YES;
				"INFOPLIST_KEY_UIStatusBarStyle[sdk=iphoneos*]" = UIStatusBarStyleDefault;
				"INFOPLIST_KEY_UIStatusBarStyle[sdk=iphonesimulator*]" = UIStatusBarStyleDefault;
				INFOPLIST_KEY_UISupportedInterfaceOrientations_iPad = "UIInterfaceOrientationPortrait UIInterfaceOrientationPortraitUpsideDown UIInterfaceOrientationLandscapeLeft UIInterfaceOrientationLandscapeRight";
				INFOPLIST_KEY_UISupportedInterfaceOrientations_iPhone = "UIInterfaceOrientationPortrait UIInterfaceOrientationLandscapeLeft UIInterfaceOrientationLandscapeRight";
				IPHONEOS_DEPLOYMENT_TARGET = 16.2;
				LD_RUNPATH_SEARCH_PATHS = "@executable_path/Frameworks";
				"LD_RUNPATH_SEARCH_PATHS[sdk=macosx*]" = "@executable_path/../Frameworks";
				MACOSX_DEPLOYMENT_TARGET = 13.0;
				MARKETING_VERSION = 1.0;
				PRODUCT_BUNDLE_IDENTIFIER = "macarthur.nsw.edu.au.Major-2023";
				PRODUCT_NAME = "$(TARGET_NAME)";
				SDKROOT = auto;
				SUPPORTED_PLATFORMS = "iphoneos iphonesimulator macosx";
				SWIFT_EMIT_LOC_STRINGS = YES;
				SWIFT_VERSION = 5.0;
				TARGETED_DEVICE_FAMILY = "1,2";
			};
			name = Release;
		};
		C08DD51F29B16CD500D1935F /* Debug */ = {
			isa = XCBuildConfiguration;
			buildSettings = {
				ALWAYS_EMBED_SWIFT_STANDARD_LIBRARIES = YES;
				BUNDLE_LOADER = "$(TEST_HOST)";
				CODE_SIGN_STYLE = Automatic;
				CURRENT_PROJECT_VERSION = 1;
				GENERATE_INFOPLIST_FILE = YES;
				IPHONEOS_DEPLOYMENT_TARGET = 16.2;
				MACOSX_DEPLOYMENT_TARGET = 13.0;
				MARKETING_VERSION = 1.0;
				PRODUCT_BUNDLE_IDENTIFIER = "macarthur.nsw.edu.au.Major-2023Tests";
				PRODUCT_NAME = "$(TARGET_NAME)";
				SDKROOT = auto;
				SUPPORTED_PLATFORMS = "iphoneos iphonesimulator macosx";
				SWIFT_EMIT_LOC_STRINGS = NO;
				SWIFT_VERSION = 5.0;
				TARGETED_DEVICE_FAMILY = "1,2";
				TEST_HOST = "$(BUILT_PRODUCTS_DIR)/Major 2023.app/$(BUNDLE_EXECUTABLE_FOLDER_PATH)/Major 2023";
			};
			name = Debug;
		};
		C08DD52029B16CD500D1935F /* Release */ = {
			isa = XCBuildConfiguration;
			buildSettings = {
				ALWAYS_EMBED_SWIFT_STANDARD_LIBRARIES = YES;
				BUNDLE_LOADER = "$(TEST_HOST)";
				CODE_SIGN_STYLE = Automatic;
				CURRENT_PROJECT_VERSION = 1;
				GENERATE_INFOPLIST_FILE = YES;
				IPHONEOS_DEPLOYMENT_TARGET = 16.2;
				MACOSX_DEPLOYMENT_TARGET = 13.0;
				MARKETING_VERSION = 1.0;
				PRODUCT_BUNDLE_IDENTIFIER = "macarthur.nsw.edu.au.Major-2023Tests";
				PRODUCT_NAME = "$(TARGET_NAME)";
				SDKROOT = auto;
				SUPPORTED_PLATFORMS = "iphoneos iphonesimulator macosx";
				SWIFT_EMIT_LOC_STRINGS = NO;
				SWIFT_VERSION = 5.0;
				TARGETED_DEVICE_FAMILY = "1,2";
				TEST_HOST = "$(BUILT_PRODUCTS_DIR)/Major 2023.app/$(BUNDLE_EXECUTABLE_FOLDER_PATH)/Major 2023";
			};
			name = Release;
		};
		C08DD52229B16CD500D1935F /* Debug */ = {
			isa = XCBuildConfiguration;
			buildSettings = {
				ALWAYS_EMBED_SWIFT_STANDARD_LIBRARIES = YES;
				CODE_SIGN_STYLE = Automatic;
				CURRENT_PROJECT_VERSION = 1;
				GENERATE_INFOPLIST_FILE = YES;
				IPHONEOS_DEPLOYMENT_TARGET = 16.2;
				MACOSX_DEPLOYMENT_TARGET = 13.0;
				MARKETING_VERSION = 1.0;
				PRODUCT_BUNDLE_IDENTIFIER = "macarthur.nsw.edu.au.Major-2023UITests";
				PRODUCT_NAME = "$(TARGET_NAME)";
				SDKROOT = auto;
				SUPPORTED_PLATFORMS = "iphoneos iphonesimulator macosx";
				SWIFT_EMIT_LOC_STRINGS = NO;
				SWIFT_VERSION = 5.0;
				TARGETED_DEVICE_FAMILY = "1,2";
				TEST_TARGET_NAME = "Major 2023";
			};
			name = Debug;
		};
		C08DD52329B16CD500D1935F /* Release */ = {
			isa = XCBuildConfiguration;
			buildSettings = {
				ALWAYS_EMBED_SWIFT_STANDARD_LIBRARIES = YES;
				CODE_SIGN_STYLE = Automatic;
				CURRENT_PROJECT_VERSION = 1;
				GENERATE_INFOPLIST_FILE = YES;
				IPHONEOS_DEPLOYMENT_TARGET = 16.2;
				MACOSX_DEPLOYMENT_TARGET = 13.0;
				MARKETING_VERSION = 1.0;
				PRODUCT_BUNDLE_IDENTIFIER = "macarthur.nsw.edu.au.Major-2023UITests";
				PRODUCT_NAME = "$(TARGET_NAME)";
				SDKROOT = auto;
				SUPPORTED_PLATFORMS = "iphoneos iphonesimulator macosx";
				SWIFT_EMIT_LOC_STRINGS = NO;
				SWIFT_VERSION = 5.0;
				TARGETED_DEVICE_FAMILY = "1,2";
				TEST_TARGET_NAME = "Major 2023";
			};
			name = Release;
		};
/* End XCBuildConfiguration section */

/* Begin XCConfigurationList section */
		C08DD4F129B16CD300D1935F /* Build configuration list for PBXProject "Major 2023" */ = {
			isa = XCConfigurationList;
			buildConfigurations = (
				C08DD51929B16CD500D1935F /* Debug */,
				C08DD51A29B16CD500D1935F /* Release */,
			);
			defaultConfigurationIsVisible = 0;
			defaultConfigurationName = Release;
		};
		C08DD51B29B16CD500D1935F /* Build configuration list for PBXNativeTarget "Major 2023" */ = {
			isa = XCConfigurationList;
			buildConfigurations = (
				C08DD51C29B16CD500D1935F /* Debug */,
				C08DD51D29B16CD500D1935F /* Release */,
			);
			defaultConfigurationIsVisible = 0;
			defaultConfigurationName = Release;
		};
		C08DD51E29B16CD500D1935F /* Build configuration list for PBXNativeTarget "Major 2023Tests" */ = {
			isa = XCConfigurationList;
			buildConfigurations = (
				C08DD51F29B16CD500D1935F /* Debug */,
				C08DD52029B16CD500D1935F /* Release */,
			);
			defaultConfigurationIsVisible = 0;
			defaultConfigurationName = Release;
		};
		C08DD52129B16CD500D1935F /* Build configuration list for PBXNativeTarget "Major 2023UITests" */ = {
			isa = XCConfigurationList;
			buildConfigurations = (
				C08DD52229B16CD500D1935F /* Debug */,
				C08DD52329B16CD500D1935F /* Release */,
			);
			defaultConfigurationIsVisible = 0;
			defaultConfigurationName = Release;
		};
/* End XCConfigurationList section */
	};
	rootObject = C08DD4EE29B16CD300D1935F /* Project object */;
}
